
Microsoft Visual Studio Solution File, Format Version 12.00
# Visual Studio 15
VisualStudioVersion = 15.0.28307.572
MinimumVisualStudioVersion = 10.0.40219.1
Project("{9B56FCB0-63B4-404F-8A09-42EF52B53347}") = "EventDriven_MicroService_Architecture", "EventDriven_MicroService_Architecture\EventDriven_MicroService_Architecture.sfaproj", "{684D9469-E678-4030-BA69-2D38039D269D}"
EndProject
Project("{9A19103F-16F7-4668-BE54-9A1E7A4F7556}") = "Api.Gateway", "Api.Gateway\Api.Gateway.csproj", "{183793EE-C76E-49C5-B65C-AFFFC6606FB1}"
EndProject
Project("{2150E333-8FDC-42A3-9474-1A3956D46DE8}") = "Social", "Social", "{46D65EEC-37B0-424C-81C9-ED44396A45F3}"
EndProject
Project("{2150E333-8FDC-42A3-9474-1A3956D46DE8}") = "Profile", "Profile", "{E9426E1D-5F4D-4C90-9E00-2B56A250F7CC}"
EndProject
Project("{2150E333-8FDC-42A3-9474-1A3956D46DE8}") = "Friends", "Friends", "{64E08AE1-AA15-42E3-965D-CE495E3832D6}"
EndProject
Project("{2150E333-8FDC-42A3-9474-1A3956D46DE8}") = "Notification", "Notification", "{757E6E1A-C99E-42F4-A9C1-46F650606146}"
EndProject
Project("{9A19103F-16F7-4668-BE54-9A1E7A4F7556}") = "Profile.Api", "Profile.Api\Profile.Api.csproj", "{376CB91E-4EDA-4A77-A167-08838B7CB4E6}"
EndProject
Project("{9A19103F-16F7-4668-BE54-9A1E7A4F7556}") = "Profile.Worker", "Profile.Worker\Profile.Worker.csproj", "{C0848F32-F8DC-442E-B01F-C0D582DAFAE9}"
EndProject
Project("{9A19103F-16F7-4668-BE54-9A1E7A4F7556}") = "Notification.Api", "Notification.Api\Notification.Api.csproj", "{062D0CDD-22EA-4D10-A044-A3951CC72AB6}"
EndProject
Project("{9A19103F-16F7-4668-BE54-9A1E7A4F7556}") = "Notification.Worker", "Notification.Worker\Notification.Worker.csproj", "{C6F4C1BD-5541-4BB3-A702-820E4DE8F84A}"
EndProject
Project("{9A19103F-16F7-4668-BE54-9A1E7A4F7556}") = "Friends.Api", "Friends.Api\Friends.Api.csproj", "{99A5D67A-7EF7-44EB-B9C7-E18AEB41547E}"
EndProject
Project("{9A19103F-16F7-4668-BE54-9A1E7A4F7556}") = "Friends.Worker", "Friends.Worker\Friends.Worker.csproj", "{78575F1A-EA5B-4233-99F5-B3206C813AF3}"
EndProject
Project("{2150E333-8FDC-42A3-9474-1A3956D46DE8}") = "Domain", "Domain", "{75BDC70D-2520-48B2-B9EB-9665C0FF7976}"
EndProject
Project("{2150E333-8FDC-42A3-9474-1A3956D46DE8}") = "Domain", "Domain", "{40772EC7-73E1-499B-BA60-246DD7CC199D}"
EndProject
Project("{2150E333-8FDC-42A3-9474-1A3956D46DE8}") = "Domain", "Domain", "{C506719D-F39C-430E-A5A9-5C0497C0B4CF}"
EndProject
Project("{9A19103F-16F7-4668-BE54-9A1E7A4F7556}") = "Profile.Domain", "Profile.Domain\Profile.Domain.csproj", "{5996EF21-1758-4947-957E-8F31F8617211}"
EndProject
Project("{9A19103F-16F7-4668-BE54-9A1E7A4F7556}") = "Profile.Infrastructure", "Profile.Infrastructure\Profile.Infrastructure.csproj", "{35F99630-47DD-4BB7-A591-2623EA834C5A}"
EndProject
Project("{9A19103F-16F7-4668-BE54-9A1E7A4F7556}") = "Notification.Domain", "Notification.Domain\Notification.Domain.csproj", "{0E77BDCE-F1D0-4698-B257-C1E9C9A1A309}"
EndProject
Project("{9A19103F-16F7-4668-BE54-9A1E7A4F7556}") = "Notification.Infrastructure", "Notification.Infrastructure\Notification.Infrastructure.csproj", "{022B808E-E2C3-488D-B579-4527E8E12BB3}"
EndProject
Project("{9A19103F-16F7-4668-BE54-9A1E7A4F7556}") = "Friends.Domain", "Friends.Domain\Friends.Domain.csproj", "{20F37748-44E6-4467-B147-D1449267DE7B}"
EndProject
Project("{9A19103F-16F7-4668-BE54-9A1E7A4F7556}") = "Friends.Infrastructure", "Friends.Infrastructure\Friends.Infrastructure.csproj", "{1809BAF0-35BF-4FAB-AE7D-E1853EE9C938}"
EndProject
Project("{9A19103F-16F7-4668-BE54-9A1E7A4F7556}") = "Profile.Message.External", "Profile.Message.External\Profile.Message.External.csproj", "{E8C23B81-6C51-4B97-83C6-38474A5FB4F6}"
EndProject
Project("{2150E333-8FDC-42A3-9474-1A3956D46DE8}") = "Shared", "Shared", "{CA0D106F-1EA9-4892-94DB-0C376E39EB2B}"
EndProject
Project("{2150E333-8FDC-42A3-9474-1A3956D46DE8}") = "Shared", "Shared", "{76288338-908C-4365-9B05-65948C87FFC8}"
EndProject
Project("{2150E333-8FDC-42A3-9474-1A3956D46DE8}") = "Shared", "Shared", "{EE5AFEEE-D3C9-432E-86C0-D11E48559C0A}"
EndProject
Project("{9A19103F-16F7-4668-BE54-9A1E7A4F7556}") = "SharedKernel", "SharedKernel\SharedKernel.csproj", "{14CE6D82-9AA0-443C-B019-097F89CBC7F1}"
EndProject
Project("{9A19103F-16F7-4668-BE54-9A1E7A4F7556}") = "Notifications.Messages.External", "Notifications.Messages.External\Notifications.Messages.External.csproj", "{86209357-6489-4C48-88F0-7A43EBD0A28F}"
EndProject
Global
	GlobalSection(SolutionConfigurationPlatforms) = preSolution
		Debug|Any CPU = Debug|Any CPU
		Release|Any CPU = Release|Any CPU
	EndGlobalSection
	GlobalSection(ProjectConfigurationPlatforms) = postSolution
		{684D9469-E678-4030-BA69-2D38039D269D}.Debug|Any CPU.ActiveCfg = Debug|Any CPU
		{684D9469-E678-4030-BA69-2D38039D269D}.Debug|Any CPU.Build.0 = Debug|Any CPU
		{684D9469-E678-4030-BA69-2D38039D269D}.Release|Any CPU.ActiveCfg = Release|Any CPU
		{684D9469-E678-4030-BA69-2D38039D269D}.Release|Any CPU.Build.0 = Release|Any CPU
		{183793EE-C76E-49C5-B65C-AFFFC6606FB1}.Debug|Any CPU.ActiveCfg = Debug|Any CPU
		{183793EE-C76E-49C5-B65C-AFFFC6606FB1}.Debug|Any CPU.Build.0 = Debug|Any CPU
		{183793EE-C76E-49C5-B65C-AFFFC6606FB1}.Release|Any CPU.ActiveCfg = Release|Any CPU
		{183793EE-C76E-49C5-B65C-AFFFC6606FB1}.Release|Any CPU.Build.0 = Release|Any CPU
		{376CB91E-4EDA-4A77-A167-08838B7CB4E6}.Debug|Any CPU.ActiveCfg = Debug|Any CPU
		{376CB91E-4EDA-4A77-A167-08838B7CB4E6}.Debug|Any CPU.Build.0 = Debug|Any CPU
		{376CB91E-4EDA-4A77-A167-08838B7CB4E6}.Release|Any CPU.ActiveCfg = Release|Any CPU
		{376CB91E-4EDA-4A77-A167-08838B7CB4E6}.Release|Any CPU.Build.0 = Release|Any CPU
		{C0848F32-F8DC-442E-B01F-C0D582DAFAE9}.Debug|Any CPU.ActiveCfg = Debug|Any CPU
		{C0848F32-F8DC-442E-B01F-C0D582DAFAE9}.Debug|Any CPU.Build.0 = Debug|Any CPU
		{C0848F32-F8DC-442E-B01F-C0D582DAFAE9}.Release|Any CPU.ActiveCfg = Release|Any CPU
		{C0848F32-F8DC-442E-B01F-C0D582DAFAE9}.Release|Any CPU.Build.0 = Release|Any CPU
		{062D0CDD-22EA-4D10-A044-A3951CC72AB6}.Debug|Any CPU.ActiveCfg = Debug|Any CPU
		{062D0CDD-22EA-4D10-A044-A3951CC72AB6}.Debug|Any CPU.Build.0 = Debug|Any CPU
		{062D0CDD-22EA-4D10-A044-A3951CC72AB6}.Release|Any CPU.ActiveCfg = Release|Any CPU
		{062D0CDD-22EA-4D10-A044-A3951CC72AB6}.Release|Any CPU.Build.0 = Release|Any CPU
		{C6F4C1BD-5541-4BB3-A702-820E4DE8F84A}.Debug|Any CPU.ActiveCfg = Debug|Any CPU
		{C6F4C1BD-5541-4BB3-A702-820E4DE8F84A}.Debug|Any CPU.Build.0 = Debug|Any CPU
		{C6F4C1BD-5541-4BB3-A702-820E4DE8F84A}.Release|Any CPU.ActiveCfg = Release|Any CPU
		{C6F4C1BD-5541-4BB3-A702-820E4DE8F84A}.Release|Any CPU.Build.0 = Release|Any CPU
		{99A5D67A-7EF7-44EB-B9C7-E18AEB41547E}.Debug|Any CPU.ActiveCfg = Debug|Any CPU
		{99A5D67A-7EF7-44EB-B9C7-E18AEB41547E}.Debug|Any CPU.Build.0 = Debug|Any CPU
		{99A5D67A-7EF7-44EB-B9C7-E18AEB41547E}.Release|Any CPU.ActiveCfg = Release|Any CPU
		{99A5D67A-7EF7-44EB-B9C7-E18AEB41547E}.Release|Any CPU.Build.0 = Release|Any CPU
		{78575F1A-EA5B-4233-99F5-B3206C813AF3}.Debug|Any CPU.ActiveCfg = Debug|Any CPU
		{78575F1A-EA5B-4233-99F5-B3206C813AF3}.Debug|Any CPU.Build.0 = Debug|Any CPU
		{78575F1A-EA5B-4233-99F5-B3206C813AF3}.Release|Any CPU.ActiveCfg = Release|Any CPU
		{78575F1A-EA5B-4233-99F5-B3206C813AF3}.Release|Any CPU.Build.0 = Release|Any CPU
		{5996EF21-1758-4947-957E-8F31F8617211}.Debug|Any CPU.ActiveCfg = Debug|Any CPU
		{5996EF21-1758-4947-957E-8F31F8617211}.Debug|Any CPU.Build.0 = Debug|Any CPU
		{5996EF21-1758-4947-957E-8F31F8617211}.Release|Any CPU.ActiveCfg = Release|Any CPU
		{5996EF21-1758-4947-957E-8F31F8617211}.Release|Any CPU.Build.0 = Release|Any CPU
		{35F99630-47DD-4BB7-A591-2623EA834C5A}.Debug|Any CPU.ActiveCfg = Debug|Any CPU
		{35F99630-47DD-4BB7-A591-2623EA834C5A}.Debug|Any CPU.Build.0 = Debug|Any CPU
		{35F99630-47DD-4BB7-A591-2623EA834C5A}.Release|Any CPU.ActiveCfg = Release|Any CPU
		{35F99630-47DD-4BB7-A591-2623EA834C5A}.Release|Any CPU.Build.0 = Release|Any CPU
		{0E77BDCE-F1D0-4698-B257-C1E9C9A1A309}.Debug|Any CPU.ActiveCfg = Debug|Any CPU
		{0E77BDCE-F1D0-4698-B257-C1E9C9A1A309}.Debug|Any CPU.Build.0 = Debug|Any CPU
		{0E77BDCE-F1D0-4698-B257-C1E9C9A1A309}.Release|Any CPU.ActiveCfg = Release|Any CPU
		{0E77BDCE-F1D0-4698-B257-C1E9C9A1A309}.Release|Any CPU.Build.0 = Release|Any CPU
		{022B808E-E2C3-488D-B579-4527E8E12BB3}.Debug|Any CPU.ActiveCfg = Debug|Any CPU
		{022B808E-E2C3-488D-B579-4527E8E12BB3}.Debug|Any CPU.Build.0 = Debug|Any CPU
		{022B808E-E2C3-488D-B579-4527E8E12BB3}.Release|Any CPU.ActiveCfg = Release|Any CPU
		{022B808E-E2C3-488D-B579-4527E8E12BB3}.Release|Any CPU.Build.0 = Release|Any CPU
		{20F37748-44E6-4467-B147-D1449267DE7B}.Debug|Any CPU.ActiveCfg = Debug|Any CPU
		{20F37748-44E6-4467-B147-D1449267DE7B}.Debug|Any CPU.Build.0 = Debug|Any CPU
		{20F37748-44E6-4467-B147-D1449267DE7B}.Release|Any CPU.ActiveCfg = Release|Any CPU
		{20F37748-44E6-4467-B147-D1449267DE7B}.Release|Any CPU.Build.0 = Release|Any CPU
		{1809BAF0-35BF-4FAB-AE7D-E1853EE9C938}.Debug|Any CPU.ActiveCfg = Debug|Any CPU
		{1809BAF0-35BF-4FAB-AE7D-E1853EE9C938}.Debug|Any CPU.Build.0 = Debug|Any CPU
		{1809BAF0-35BF-4FAB-AE7D-E1853EE9C938}.Release|Any CPU.ActiveCfg = Release|Any CPU
		{1809BAF0-35BF-4FAB-AE7D-E1853EE9C938}.Release|Any CPU.Build.0 = Release|Any CPU
		{E8C23B81-6C51-4B97-83C6-38474A5FB4F6}.Debug|Any CPU.ActiveCfg = Debug|Any CPU
		{E8C23B81-6C51-4B97-83C6-38474A5FB4F6}.Debug|Any CPU.Build.0 = Debug|Any CPU
		{E8C23B81-6C51-4B97-83C6-38474A5FB4F6}.Release|Any CPU.ActiveCfg = Release|Any CPU
		{E8C23B81-6C51-4B97-83C6-38474A5FB4F6}.Release|Any CPU.Build.0 = Release|Any CPU
		{14CE6D82-9AA0-443C-B019-097F89CBC7F1}.Debug|Any CPU.ActiveCfg = Debug|Any CPU
		{14CE6D82-9AA0-443C-B019-097F89CBC7F1}.Debug|Any CPU.Build.0 = Debug|Any CPU
		{14CE6D82-9AA0-443C-B019-097F89CBC7F1}.Release|Any CPU.ActiveCfg = Release|Any CPU
		{14CE6D82-9AA0-443C-B019-097F89CBC7F1}.Release|Any CPU.Build.0 = Release|Any CPU
		{86209357-6489-4C48-88F0-7A43EBD0A28F}.Debug|Any CPU.ActiveCfg = Debug|Any CPU
		{86209357-6489-4C48-88F0-7A43EBD0A28F}.Debug|Any CPU.Build.0 = Debug|Any CPU
		{86209357-6489-4C48-88F0-7A43EBD0A28F}.Release|Any CPU.ActiveCfg = Release|Any CPU
		{86209357-6489-4C48-88F0-7A43EBD0A28F}.Release|Any CPU.Build.0 = Release|Any CPU
	EndGlobalSection
	GlobalSection(SolutionProperties) = preSolution
		HideSolutionNode = FALSE
	EndGlobalSection
	GlobalSection(NestedProjects) = preSolution
		{E9426E1D-5F4D-4C90-9E00-2B56A250F7CC} = {46D65EEC-37B0-424C-81C9-ED44396A45F3}
		{64E08AE1-AA15-42E3-965D-CE495E3832D6} = {46D65EEC-37B0-424C-81C9-ED44396A45F3}
		{757E6E1A-C99E-42F4-A9C1-46F650606146} = {46D65EEC-37B0-424C-81C9-ED44396A45F3}
		{376CB91E-4EDA-4A77-A167-08838B7CB4E6} = {E9426E1D-5F4D-4C90-9E00-2B56A250F7CC}
		{C0848F32-F8DC-442E-B01F-C0D582DAFAE9} = {E9426E1D-5F4D-4C90-9E00-2B56A250F7CC}
		{062D0CDD-22EA-4D10-A044-A3951CC72AB6} = {757E6E1A-C99E-42F4-A9C1-46F650606146}
		{C6F4C1BD-5541-4BB3-A702-820E4DE8F84A} = {757E6E1A-C99E-42F4-A9C1-46F650606146}
		{99A5D67A-7EF7-44EB-B9C7-E18AEB41547E} = {64E08AE1-AA15-42E3-965D-CE495E3832D6}
		{78575F1A-EA5B-4233-99F5-B3206C813AF3} = {64E08AE1-AA15-42E3-965D-CE495E3832D6}
		{75BDC70D-2520-48B2-B9EB-9665C0FF7976} = {64E08AE1-AA15-42E3-965D-CE495E3832D6}
		{40772EC7-73E1-499B-BA60-246DD7CC199D} = {757E6E1A-C99E-42F4-A9C1-46F650606146}
		{C506719D-F39C-430E-A5A9-5C0497C0B4CF} = {E9426E1D-5F4D-4C90-9E00-2B56A250F7CC}
		{5996EF21-1758-4947-957E-8F31F8617211} = {C506719D-F39C-430E-A5A9-5C0497C0B4CF}
		{35F99630-47DD-4BB7-A591-2623EA834C5A} = {C506719D-F39C-430E-A5A9-5C0497C0B4CF}
		{0E77BDCE-F1D0-4698-B257-C1E9C9A1A309} = {40772EC7-73E1-499B-BA60-246DD7CC199D}
		{022B808E-E2C3-488D-B579-4527E8E12BB3} = {40772EC7-73E1-499B-BA60-246DD7CC199D}
		{20F37748-44E6-4467-B147-D1449267DE7B} = {75BDC70D-2520-48B2-B9EB-9665C0FF7976}
		{1809BAF0-35BF-4FAB-AE7D-E1853EE9C938} = {75BDC70D-2520-48B2-B9EB-9665C0FF7976}
		{E8C23B81-6C51-4B97-83C6-38474A5FB4F6} = {CA0D106F-1EA9-4892-94DB-0C376E39EB2B}
		{CA0D106F-1EA9-4892-94DB-0C376E39EB2B} = {E9426E1D-5F4D-4C90-9E00-2B56A250F7CC}
		{76288338-908C-4365-9B05-65948C87FFC8} = {757E6E1A-C99E-42F4-A9C1-46F650606146}
		{EE5AFEEE-D3C9-432E-86C0-D11E48559C0A} = {64E08AE1-AA15-42E3-965D-CE495E3832D6}
		{14CE6D82-9AA0-443C-B019-097F89CBC7F1} = {46D65EEC-37B0-424C-81C9-ED44396A45F3}
		{86209357-6489-4C48-88F0-7A43EBD0A28F} = {76288338-908C-4365-9B05-65948C87FFC8}
	EndGlobalSection
	GlobalSection(ExtensibilityGlobals) = postSolution
		SolutionGuid = {DE303920-DB09-44C4-8220-F08A72B21460}
	EndGlobalSection
EndGlobal
